// !$*UTF8*$!
{
	archiveVersion = 1;
	classes = {
	};
	objectVersion = 50;
	objects = {

/* Begin PBXBuildFile section */
		08B493C8ABEB4B152B95743A /* Pods_MvpSwift.framework in Frameworks */ = {isa = PBXBuildFile; fileRef = 2AB5A0B6C985885273E291D3 /* Pods_MvpSwift.framework */; };
		87D30D29675CDB36E8D06CB8 /* Pods_MvpSwiftTests.framework in Frameworks */ = {isa = PBXBuildFile; fileRef = ABE0D0247A89D4ACAAAF2134 /* Pods_MvpSwiftTests.framework */; };
		DD5F00AD21B3CF8C000BA4A8 /* AppDelegate.swift in Sources */ = {isa = PBXBuildFile; fileRef = DD5F00AC21B3CF8C000BA4A8 /* AppDelegate.swift */; };
		DD5F00B221B3CF8C000BA4A8 /* Main.storyboard in Resources */ = {isa = PBXBuildFile; fileRef = DD5F00B021B3CF8C000BA4A8 /* Main.storyboard */; };
		DD5F00B421B3CF8E000BA4A8 /* Assets.xcassets in Resources */ = {isa = PBXBuildFile; fileRef = DD5F00B321B3CF8E000BA4A8 /* Assets.xcassets */; };
		DD5F00B721B3CF8E000BA4A8 /* LaunchScreen.storyboard in Resources */ = {isa = PBXBuildFile; fileRef = DD5F00B521B3CF8E000BA4A8 /* LaunchScreen.storyboard */; };
		DD5F00C221B3CF8E000BA4A8 /* MvpSwiftTests.swift in Sources */ = {isa = PBXBuildFile; fileRef = DD5F00C121B3CF8E000BA4A8 /* MvpSwiftTests.swift */; };
		DD5F00CD21B3CF8E000BA4A8 /* MvpSwiftUITests.swift in Sources */ = {isa = PBXBuildFile; fileRef = DD5F00CC21B3CF8E000BA4A8 /* MvpSwiftUITests.swift */; };
		DD5F00E021B3D5EB000BA4A8 /* BaseResponse.swift in Sources */ = {isa = PBXBuildFile; fileRef = DD5F00DF21B3D5EB000BA4A8 /* BaseResponse.swift */; };
		DD5F00E721B3DA61000BA4A8 /* LoginResponse.swift in Sources */ = {isa = PBXBuildFile; fileRef = DD5F00E621B3DA61000BA4A8 /* LoginResponse.swift */; };
		DD5F00E921B3DBDC000BA4A8 /* LocalRepo.swift in Sources */ = {isa = PBXBuildFile; fileRef = DD5F00E821B3DBDC000BA4A8 /* LocalRepo.swift */; };
		DD5F00EB21B3ED84000BA4A8 /* MvpApiService.swift in Sources */ = {isa = PBXBuildFile; fileRef = DD5F00EA21B3ED84000BA4A8 /* MvpApiService.swift */; };
		DD5F00F021B5375A000BA4A8 /* UserRemoteRepo.swift in Sources */ = {isa = PBXBuildFile; fileRef = DD5F00EF21B5375A000BA4A8 /* UserRemoteRepo.swift */; };
		DD5F00F221B5376A000BA4A8 /* UserRemoteImpl.swift in Sources */ = {isa = PBXBuildFile; fileRef = DD5F00F121B5376A000BA4A8 /* UserRemoteImpl.swift */; };
		DD5F00F521B537C2000BA4A8 /* Utils.swift in Sources */ = {isa = PBXBuildFile; fileRef = DD5F00F421B537C2000BA4A8 /* Utils.swift */; };
		DD5F00F821B54DA2000BA4A8 /* UserRepository.swift in Sources */ = {isa = PBXBuildFile; fileRef = DD5F00F721B54DA2000BA4A8 /* UserRepository.swift */; };
		DD5F00FB21B54DE8000BA4A8 /* LoginModel.swift in Sources */ = {isa = PBXBuildFile; fileRef = DD5F00FA21B54DE8000BA4A8 /* LoginModel.swift */; };
		DD5F00FD21B54FA6000BA4A8 /* UserRepositoryImpl.swift in Sources */ = {isa = PBXBuildFile; fileRef = DD5F00FC21B54FA6000BA4A8 /* UserRepositoryImpl.swift */; };
		DDE525BB21B636C8006C5EC4 /* LoginPagePresenter.swift in Sources */ = {isa = PBXBuildFile; fileRef = DDE525BA21B636C8006C5EC4 /* LoginPagePresenter.swift */; };
		DDE525BD21B639BE006C5EC4 /* LoginContract.swift in Sources */ = {isa = PBXBuildFile; fileRef = DDE525BC21B639BE006C5EC4 /* LoginContract.swift */; };
		DDE525BF21B63ABD006C5EC4 /* LoginViewController.swift in Sources */ = {isa = PBXBuildFile; fileRef = DDE525BE21B63ABD006C5EC4 /* LoginViewController.swift */; };
		DDE525C121B64522006C5EC4 /* BasePresenter.swift in Sources */ = {isa = PBXBuildFile; fileRef = DDE525C021B64522006C5EC4 /* BasePresenter.swift */; };
		DDFD507921B78C8700A507FA /* UserLocalRepo.swift in Sources */ = {isa = PBXBuildFile; fileRef = DDFD507821B78C8700A507FA /* UserLocalRepo.swift */; };
		DDFD507B21B78C9900A507FA /* UserLocalImpl.swift in Sources */ = {isa = PBXBuildFile; fileRef = DDFD507A21B78C9900A507FA /* UserLocalImpl.swift */; };
		FB854BA63AEE79FAC677D332 /* Pods_MvpSwiftUITests.framework in Frameworks */ = {isa = PBXBuildFile; fileRef = 8C933D7DA1AA2B04B85018CB /* Pods_MvpSwiftUITests.framework */; };
/* End PBXBuildFile section */

/* Begin PBXContainerItemProxy section */
		DD5F00BE21B3CF8E000BA4A8 /* PBXContainerItemProxy */ = {
			isa = PBXContainerItemProxy;
			containerPortal = DD5F00A121B3CF8C000BA4A8 /* Project object */;
			proxyType = 1;
			remoteGlobalIDString = DD5F00A821B3CF8C000BA4A8;
			remoteInfo = MvpSwift;
		};
		DD5F00C921B3CF8E000BA4A8 /* PBXContainerItemProxy */ = {
			isa = PBXContainerItemProxy;
			containerPortal = DD5F00A121B3CF8C000BA4A8 /* Project object */;
			proxyType = 1;
			remoteGlobalIDString = DD5F00A821B3CF8C000BA4A8;
			remoteInfo = MvpSwift;
		};
/* End PBXContainerItemProxy section */

/* Begin PBXFileReference section */
		07D90FE143105011E7406EEB /* Pods-MvpSwiftUITests.debug.xcconfig */ = {isa = PBXFileReference; includeInIndex = 1; lastKnownFileType = text.xcconfig; name = "Pods-MvpSwiftUITests.debug.xcconfig"; path = "Pods/Target Support Files/Pods-MvpSwiftUITests/Pods-MvpSwiftUITests.debug.xcconfig"; sourceTree = "<group>"; };
		1E343AE86C0B2A8A05EB7085 /* Pods-MvpSwiftTests.debug.xcconfig */ = {isa = PBXFileReference; includeInIndex = 1; lastKnownFileType = text.xcconfig; name = "Pods-MvpSwiftTests.debug.xcconfig"; path = "Pods/Target Support Files/Pods-MvpSwiftTests/Pods-MvpSwiftTests.debug.xcconfig"; sourceTree = "<group>"; };
		2AB5A0B6C985885273E291D3 /* Pods_MvpSwift.framework */ = {isa = PBXFileReference; explicitFileType = wrapper.framework; includeInIndex = 0; path = Pods_MvpSwift.framework; sourceTree = BUILT_PRODUCTS_DIR; };
		8C933D7DA1AA2B04B85018CB /* Pods_MvpSwiftUITests.framework */ = {isa = PBXFileReference; explicitFileType = wrapper.framework; includeInIndex = 0; path = Pods_MvpSwiftUITests.framework; sourceTree = BUILT_PRODUCTS_DIR; };
		A3DD1EA4AF77CC1BD499CCD0 /* Pods-MvpSwiftTests.release.xcconfig */ = {isa = PBXFileReference; includeInIndex = 1; lastKnownFileType = text.xcconfig; name = "Pods-MvpSwiftTests.release.xcconfig"; path = "Pods/Target Support Files/Pods-MvpSwiftTests/Pods-MvpSwiftTests.release.xcconfig"; sourceTree = "<group>"; };
		ABE0D0247A89D4ACAAAF2134 /* Pods_MvpSwiftTests.framework */ = {isa = PBXFileReference; explicitFileType = wrapper.framework; includeInIndex = 0; path = Pods_MvpSwiftTests.framework; sourceTree = BUILT_PRODUCTS_DIR; };
		D6CA43DFA933ED1BBDA0ABE7 /* Pods-MvpSwift.debug.xcconfig */ = {isa = PBXFileReference; includeInIndex = 1; lastKnownFileType = text.xcconfig; name = "Pods-MvpSwift.debug.xcconfig"; path = "Pods/Target Support Files/Pods-MvpSwift/Pods-MvpSwift.debug.xcconfig"; sourceTree = "<group>"; };
		DA47825136498043D8449563 /* Pods-MvpSwiftUITests.release.xcconfig */ = {isa = PBXFileReference; includeInIndex = 1; lastKnownFileType = text.xcconfig; name = "Pods-MvpSwiftUITests.release.xcconfig"; path = "Pods/Target Support Files/Pods-MvpSwiftUITests/Pods-MvpSwiftUITests.release.xcconfig"; sourceTree = "<group>"; };
		DD5F00A921B3CF8C000BA4A8 /* MvpSwift.app */ = {isa = PBXFileReference; explicitFileType = wrapper.application; includeInIndex = 0; path = MvpSwift.app; sourceTree = BUILT_PRODUCTS_DIR; };
		DD5F00AC21B3CF8C000BA4A8 /* AppDelegate.swift */ = {isa = PBXFileReference; lastKnownFileType = sourcecode.swift; path = AppDelegate.swift; sourceTree = "<group>"; };
		DD5F00B121B3CF8C000BA4A8 /* Base */ = {isa = PBXFileReference; lastKnownFileType = file.storyboard; name = Base; path = Base.lproj/Main.storyboard; sourceTree = "<group>"; };
		DD5F00B321B3CF8E000BA4A8 /* Assets.xcassets */ = {isa = PBXFileReference; lastKnownFileType = folder.assetcatalog; path = Assets.xcassets; sourceTree = "<group>"; };
		DD5F00B621B3CF8E000BA4A8 /* Base */ = {isa = PBXFileReference; lastKnownFileType = file.storyboard; name = Base; path = Base.lproj/LaunchScreen.storyboard; sourceTree = "<group>"; };
		DD5F00B821B3CF8E000BA4A8 /* Info.plist */ = {isa = PBXFileReference; lastKnownFileType = text.plist.xml; path = Info.plist; sourceTree = "<group>"; };
		DD5F00BD21B3CF8E000BA4A8 /* MvpSwiftTests.xctest */ = {isa = PBXFileReference; explicitFileType = wrapper.cfbundle; includeInIndex = 0; path = MvpSwiftTests.xctest; sourceTree = BUILT_PRODUCTS_DIR; };
		DD5F00C121B3CF8E000BA4A8 /* MvpSwiftTests.swift */ = {isa = PBXFileReference; lastKnownFileType = sourcecode.swift; path = MvpSwiftTests.swift; sourceTree = "<group>"; };
		DD5F00C321B3CF8E000BA4A8 /* Info.plist */ = {isa = PBXFileReference; lastKnownFileType = text.plist.xml; path = Info.plist; sourceTree = "<group>"; };
		DD5F00C821B3CF8E000BA4A8 /* MvpSwiftUITests.xctest */ = {isa = PBXFileReference; explicitFileType = wrapper.cfbundle; includeInIndex = 0; path = MvpSwiftUITests.xctest; sourceTree = BUILT_PRODUCTS_DIR; };
		DD5F00CC21B3CF8E000BA4A8 /* MvpSwiftUITests.swift */ = {isa = PBXFileReference; lastKnownFileType = sourcecode.swift; path = MvpSwiftUITests.swift; sourceTree = "<group>"; };
		DD5F00CE21B3CF8E000BA4A8 /* Info.plist */ = {isa = PBXFileReference; lastKnownFileType = text.plist.xml; path = Info.plist; sourceTree = "<group>"; };
		DD5F00DF21B3D5EB000BA4A8 /* BaseResponse.swift */ = {isa = PBXFileReference; lastKnownFileType = sourcecode.swift; path = BaseResponse.swift; sourceTree = "<group>"; };
		DD5F00E621B3DA61000BA4A8 /* LoginResponse.swift */ = {isa = PBXFileReference; lastKnownFileType = sourcecode.swift; path = LoginResponse.swift; sourceTree = "<group>"; };
		DD5F00E821B3DBDC000BA4A8 /* LocalRepo.swift */ = {isa = PBXFileReference; lastKnownFileType = sourcecode.swift; path = LocalRepo.swift; sourceTree = "<group>"; };
		DD5F00EA21B3ED84000BA4A8 /* MvpApiService.swift */ = {isa = PBXFileReference; lastKnownFileType = sourcecode.swift; path = MvpApiService.swift; sourceTree = "<group>"; };
		DD5F00EF21B5375A000BA4A8 /* UserRemoteRepo.swift */ = {isa = PBXFileReference; lastKnownFileType = sourcecode.swift; path = UserRemoteRepo.swift; sourceTree = "<group>"; };
		DD5F00F121B5376A000BA4A8 /* UserRemoteImpl.swift */ = {isa = PBXFileReference; lastKnownFileType = sourcecode.swift; path = UserRemoteImpl.swift; sourceTree = "<group>"; };
		DD5F00F421B537C2000BA4A8 /* Utils.swift */ = {isa = PBXFileReference; lastKnownFileType = sourcecode.swift; path = Utils.swift; sourceTree = "<group>"; };
		DD5F00F721B54DA2000BA4A8 /* UserRepository.swift */ = {isa = PBXFileReference; lastKnownFileType = sourcecode.swift; path = UserRepository.swift; sourceTree = "<group>"; };
		DD5F00FA21B54DE8000BA4A8 /* LoginModel.swift */ = {isa = PBXFileReference; lastKnownFileType = sourcecode.swift; path = LoginModel.swift; sourceTree = "<group>"; };
		DD5F00FC21B54FA6000BA4A8 /* UserRepositoryImpl.swift */ = {isa = PBXFileReference; lastKnownFileType = sourcecode.swift; path = UserRepositoryImpl.swift; sourceTree = "<group>"; };
		DDE525BA21B636C8006C5EC4 /* LoginPagePresenter.swift */ = {isa = PBXFileReference; lastKnownFileType = sourcecode.swift; path = LoginPagePresenter.swift; sourceTree = "<group>"; };
		DDE525BC21B639BE006C5EC4 /* LoginContract.swift */ = {isa = PBXFileReference; lastKnownFileType = sourcecode.swift; path = LoginContract.swift; sourceTree = "<group>"; };
		DDE525BE21B63ABD006C5EC4 /* LoginViewController.swift */ = {isa = PBXFileReference; lastKnownFileType = sourcecode.swift; path = LoginViewController.swift; sourceTree = "<group>"; };
		DDE525C021B64522006C5EC4 /* BasePresenter.swift */ = {isa = PBXFileReference; lastKnownFileType = sourcecode.swift; path = BasePresenter.swift; sourceTree = "<group>"; };
		DDFD507821B78C8700A507FA /* UserLocalRepo.swift */ = {isa = PBXFileReference; lastKnownFileType = sourcecode.swift; path = UserLocalRepo.swift; sourceTree = "<group>"; };
		DDFD507A21B78C9900A507FA /* UserLocalImpl.swift */ = {isa = PBXFileReference; lastKnownFileType = sourcecode.swift; path = UserLocalImpl.swift; sourceTree = "<group>"; };
		F4B063C32E4916A27D7A6C22 /* Pods-MvpSwift.release.xcconfig */ = {isa = PBXFileReference; includeInIndex = 1; lastKnownFileType = text.xcconfig; name = "Pods-MvpSwift.release.xcconfig"; path = "Pods/Target Support Files/Pods-MvpSwift/Pods-MvpSwift.release.xcconfig"; sourceTree = "<group>"; };
/* End PBXFileReference section */

/* Begin PBXFrameworksBuildPhase section */
		DD5F00A621B3CF8C000BA4A8 /* Frameworks */ = {
			isa = PBXFrameworksBuildPhase;
			buildActionMask = 2147483647;
			files = (
				08B493C8ABEB4B152B95743A /* Pods_MvpSwift.framework in Frameworks */,
			);
			runOnlyForDeploymentPostprocessing = 0;
		};
		DD5F00BA21B3CF8E000BA4A8 /* Frameworks */ = {
			isa = PBXFrameworksBuildPhase;
			buildActionMask = 2147483647;
			files = (
				87D30D29675CDB36E8D06CB8 /* Pods_MvpSwiftTests.framework in Frameworks */,
			);
			runOnlyForDeploymentPostprocessing = 0;
		};
		DD5F00C521B3CF8E000BA4A8 /* Frameworks */ = {
			isa = PBXFrameworksBuildPhase;
			buildActionMask = 2147483647;
			files = (
				FB854BA63AEE79FAC677D332 /* Pods_MvpSwiftUITests.framework in Frameworks */,
			);
			runOnlyForDeploymentPostprocessing = 0;
		};
/* End PBXFrameworksBuildPhase section */

/* Begin PBXGroup section */
		C85C55B2C5CFD1B0F37432BF /* Pods */ = {
			isa = PBXGroup;
			children = (
				D6CA43DFA933ED1BBDA0ABE7 /* Pods-MvpSwift.debug.xcconfig */,
				F4B063C32E4916A27D7A6C22 /* Pods-MvpSwift.release.xcconfig */,
				1E343AE86C0B2A8A05EB7085 /* Pods-MvpSwiftTests.debug.xcconfig */,
				A3DD1EA4AF77CC1BD499CCD0 /* Pods-MvpSwiftTests.release.xcconfig */,
				07D90FE143105011E7406EEB /* Pods-MvpSwiftUITests.debug.xcconfig */,
				DA47825136498043D8449563 /* Pods-MvpSwiftUITests.release.xcconfig */,
			);
			name = Pods;
			sourceTree = "<group>";
		};
		DD5F00A021B3CF8C000BA4A8 = {
			isa = PBXGroup;
			children = (
				DD5F00AB21B3CF8C000BA4A8 /* MvpSwift */,
				DD5F00C021B3CF8E000BA4A8 /* MvpSwiftTests */,
				DD5F00CB21B3CF8E000BA4A8 /* MvpSwiftUITests */,
				DD5F00AA21B3CF8C000BA4A8 /* Products */,
				C85C55B2C5CFD1B0F37432BF /* Pods */,
				ED7D25EC39A30CD183084C52 /* Frameworks */,
			);
			sourceTree = "<group>";
		};
		DD5F00AA21B3CF8C000BA4A8 /* Products */ = {
			isa = PBXGroup;
			children = (
				DD5F00A921B3CF8C000BA4A8 /* MvpSwift.app */,
				DD5F00BD21B3CF8E000BA4A8 /* MvpSwiftTests.xctest */,
				DD5F00C821B3CF8E000BA4A8 /* MvpSwiftUITests.xctest */,
			);
			name = Products;
			sourceTree = "<group>";
		};
		DD5F00AB21B3CF8C000BA4A8 /* MvpSwift */ = {
			isa = PBXGroup;
			children = (
				DD5F00F921B54DD5000BA4A8 /* login */,
				DD5F00F321B537AD000BA4A8 /* utils */,
				DD5F00DD21B3D5BF000BA4A8 /* base */,
				DD5F00DA21B3CFCB000BA4A8 /* data */,
				DD5F00AC21B3CF8C000BA4A8 /* AppDelegate.swift */,
				DD5F00B021B3CF8C000BA4A8 /* Main.storyboard */,
				DD5F00B321B3CF8E000BA4A8 /* Assets.xcassets */,
				DD5F00B521B3CF8E000BA4A8 /* LaunchScreen.storyboard */,
				DD5F00B821B3CF8E000BA4A8 /* Info.plist */,
			);
			path = MvpSwift;
			sourceTree = "<group>";
		};
		DD5F00C021B3CF8E000BA4A8 /* MvpSwiftTests */ = {
			isa = PBXGroup;
			children = (
				DD5F00C121B3CF8E000BA4A8 /* MvpSwiftTests.swift */,
				DD5F00C321B3CF8E000BA4A8 /* Info.plist */,
			);
			path = MvpSwiftTests;
			sourceTree = "<group>";
		};
		DD5F00CB21B3CF8E000BA4A8 /* MvpSwiftUITests */ = {
			isa = PBXGroup;
			children = (
				DD5F00CC21B3CF8E000BA4A8 /* MvpSwiftUITests.swift */,
				DD5F00CE21B3CF8E000BA4A8 /* Info.plist */,
			);
			path = MvpSwiftUITests;
			sourceTree = "<group>";
		};
		DD5F00DA21B3CFCB000BA4A8 /* data */ = {
			isa = PBXGroup;
			children = (
				DD5F00F621B54D80000BA4A8 /* repository */,
				DD5F00DE21B3D5D1000BA4A8 /* model */,
				DD5F00DC21B3CFF7000BA4A8 /* remote */,
				DD5F00DB21B3CFDD000BA4A8 /* local */,
			);
			path = data;
			sourceTree = "<group>";
		};
		DD5F00DB21B3CFDD000BA4A8 /* local */ = {
			isa = PBXGroup;
			children = (
				DD5F00E821B3DBDC000BA4A8 /* LocalRepo.swift */,
				DDFD507821B78C8700A507FA /* UserLocalRepo.swift */,
				DDFD507A21B78C9900A507FA /* UserLocalImpl.swift */,
			);
			path = local;
			sourceTree = "<group>";
		};
		DD5F00DC21B3CFF7000BA4A8 /* remote */ = {
			isa = PBXGroup;
			children = (
				DD5F00EE21B53740000BA4A8 /* user */,
				DD5F00EA21B3ED84000BA4A8 /* MvpApiService.swift */,
			);
			path = remote;
			sourceTree = "<group>";
		};
		DD5F00DD21B3D5BF000BA4A8 /* base */ = {
			isa = PBXGroup;
			children = (
				DDE525C021B64522006C5EC4 /* BasePresenter.swift */,
			);
			path = base;
			sourceTree = "<group>";
		};
		DD5F00DE21B3D5D1000BA4A8 /* model */ = {
			isa = PBXGroup;
			children = (
				DD5F00E121B3D604000BA4A8 /* api */,
			);
			path = model;
			sourceTree = "<group>";
		};
		DD5F00E121B3D604000BA4A8 /* api */ = {
			isa = PBXGroup;
			children = (
				DD5F00DF21B3D5EB000BA4A8 /* BaseResponse.swift */,
				DD5F00E621B3DA61000BA4A8 /* LoginResponse.swift */,
			);
			path = api;
			sourceTree = "<group>";
		};
		DD5F00EE21B53740000BA4A8 /* user */ = {
			isa = PBXGroup;
			children = (
				DD5F00EF21B5375A000BA4A8 /* UserRemoteRepo.swift */,
				DD5F00F121B5376A000BA4A8 /* UserRemoteImpl.swift */,
			);
			path = user;
			sourceTree = "<group>";
		};
		DD5F00F321B537AD000BA4A8 /* utils */ = {
			isa = PBXGroup;
			children = (
				DD5F00F421B537C2000BA4A8 /* Utils.swift */,
			);
			path = utils;
			sourceTree = "<group>";
		};
		DD5F00F621B54D80000BA4A8 /* repository */ = {
			isa = PBXGroup;
			children = (
				DD5F00F721B54DA2000BA4A8 /* UserRepository.swift */,
				DD5F00FC21B54FA6000BA4A8 /* UserRepositoryImpl.swift */,
			);
			path = repository;
			sourceTree = "<group>";
		};
		DD5F00F921B54DD5000BA4A8 /* login */ = {
			isa = PBXGroup;
			children = (
				DD5F00FA21B54DE8000BA4A8 /* LoginModel.swift */,
				DDE525BA21B636C8006C5EC4 /* LoginPagePresenter.swift */,
				DDE525BC21B639BE006C5EC4 /* LoginContract.swift */,
				DDE525BE21B63ABD006C5EC4 /* LoginViewController.swift */,
			);
			path = login;
			sourceTree = "<group>";
		};
		ED7D25EC39A30CD183084C52 /* Frameworks */ = {
			isa = PBXGroup;
			children = (
				2AB5A0B6C985885273E291D3 /* Pods_MvpSwift.framework */,
				ABE0D0247A89D4ACAAAF2134 /* Pods_MvpSwiftTests.framework */,
				8C933D7DA1AA2B04B85018CB /* Pods_MvpSwiftUITests.framework */,
			);
			name = Frameworks;
			sourceTree = "<group>";
		};
/* End PBXGroup section */

/* Begin PBXNativeTarget section */
		DD5F00A821B3CF8C000BA4A8 /* MvpSwift */ = {
			isa = PBXNativeTarget;
			buildConfigurationList = DD5F00D121B3CF8E000BA4A8 /* Build configuration list for PBXNativeTarget "MvpSwift" */;
			buildPhases = (
				4D6BBEFD141558CA2D181F69 /* [CP] Check Pods Manifest.lock */,
				DD5F00A521B3CF8C000BA4A8 /* Sources */,
				DD5F00A621B3CF8C000BA4A8 /* Frameworks */,
				DD5F00A721B3CF8C000BA4A8 /* Resources */,
				EAE494A30F63AD787118F5C0 /* [CP] Embed Pods Frameworks */,
			);
			buildRules = (
			);
			dependencies = (
			);
			name = MvpSwift;
			productName = MvpSwift;
			productReference = DD5F00A921B3CF8C000BA4A8 /* MvpSwift.app */;
			productType = "com.apple.product-type.application";
		};
		DD5F00BC21B3CF8E000BA4A8 /* MvpSwiftTests */ = {
			isa = PBXNativeTarget;
			buildConfigurationList = DD5F00D421B3CF8E000BA4A8 /* Build configuration list for PBXNativeTarget "MvpSwiftTests" */;
			buildPhases = (
				7780931FFB2D4919D456E7AA /* [CP] Check Pods Manifest.lock */,
				DD5F00B921B3CF8E000BA4A8 /* Sources */,
				DD5F00BA21B3CF8E000BA4A8 /* Frameworks */,
				DD5F00BB21B3CF8E000BA4A8 /* Resources */,
			);
			buildRules = (
			);
			dependencies = (
				DD5F00BF21B3CF8E000BA4A8 /* PBXTargetDependency */,
			);
			name = MvpSwiftTests;
			productName = MvpSwiftTests;
			productReference = DD5F00BD21B3CF8E000BA4A8 /* MvpSwiftTests.xctest */;
			productType = "com.apple.product-type.bundle.unit-test";
		};
		DD5F00C721B3CF8E000BA4A8 /* MvpSwiftUITests */ = {
			isa = PBXNativeTarget;
			buildConfigurationList = DD5F00D721B3CF8E000BA4A8 /* Build configuration list for PBXNativeTarget "MvpSwiftUITests" */;
			buildPhases = (
				1CC9C16D3C4265B737559FBC /* [CP] Check Pods Manifest.lock */,
				DD5F00C421B3CF8E000BA4A8 /* Sources */,
				DD5F00C521B3CF8E000BA4A8 /* Frameworks */,
				DD5F00C621B3CF8E000BA4A8 /* Resources */,
			);
			buildRules = (
			);
			dependencies = (
				DD5F00CA21B3CF8E000BA4A8 /* PBXTargetDependency */,
			);
			name = MvpSwiftUITests;
			productName = MvpSwiftUITests;
			productReference = DD5F00C821B3CF8E000BA4A8 /* MvpSwiftUITests.xctest */;
			productType = "com.apple.product-type.bundle.ui-testing";
		};
/* End PBXNativeTarget section */

/* Begin PBXProject section */
		DD5F00A121B3CF8C000BA4A8 /* Project object */ = {
			isa = PBXProject;
			attributes = {
				LastSwiftUpdateCheck = 1010;
				LastUpgradeCheck = 1010;
				ORGANIZATIONNAME = EvolveAsia;
				TargetAttributes = {
					DD5F00A821B3CF8C000BA4A8 = {
						CreatedOnToolsVersion = 10.1;
					};
					DD5F00BC21B3CF8E000BA4A8 = {
						CreatedOnToolsVersion = 10.1;
						TestTargetID = DD5F00A821B3CF8C000BA4A8;
					};
					DD5F00C721B3CF8E000BA4A8 = {
						CreatedOnToolsVersion = 10.1;
						TestTargetID = DD5F00A821B3CF8C000BA4A8;
					};
				};
			};
			buildConfigurationList = DD5F00A421B3CF8C000BA4A8 /* Build configuration list for PBXProject "MvpSwift" */;
			compatibilityVersion = "Xcode 9.3";
			developmentRegion = en;
			hasScannedForEncodings = 0;
			knownRegions = (
				en,
				Base,
			);
			mainGroup = DD5F00A021B3CF8C000BA4A8;
			productRefGroup = DD5F00AA21B3CF8C000BA4A8 /* Products */;
			projectDirPath = "";
			projectRoot = "";
			targets = (
				DD5F00A821B3CF8C000BA4A8 /* MvpSwift */,
				DD5F00BC21B3CF8E000BA4A8 /* MvpSwiftTests */,
				DD5F00C721B3CF8E000BA4A8 /* MvpSwiftUITests */,
			);
		};
/* End PBXProject section */

/* Begin PBXResourcesBuildPhase section */
		DD5F00A721B3CF8C000BA4A8 /* Resources */ = {
			isa = PBXResourcesBuildPhase;
			buildActionMask = 2147483647;
			files = (
				DD5F00B721B3CF8E000BA4A8 /* LaunchScreen.storyboard in Resources */,
				DD5F00B421B3CF8E000BA4A8 /* Assets.xcassets in Resources */,
				DD5F00B221B3CF8C000BA4A8 /* Main.storyboard in Resources */,
			);
			runOnlyForDeploymentPostprocessing = 0;
		};
		DD5F00BB21B3CF8E000BA4A8 /* Resources */ = {
			isa = PBXResourcesBuildPhase;
			buildActionMask = 2147483647;
			files = (
			);
			runOnlyForDeploymentPostprocessing = 0;
		};
		DD5F00C621B3CF8E000BA4A8 /* Resources */ = {
			isa = PBXResourcesBuildPhase;
			buildActionMask = 2147483647;
			files = (
			);
			runOnlyForDeploymentPostprocessing = 0;
		};
/* End PBXResourcesBuildPhase section */

/* Begin PBXShellScriptBuildPhase section */
		1CC9C16D3C4265B737559FBC /* [CP] Check Pods Manifest.lock */ = {
			isa = PBXShellScriptBuildPhase;
			buildActionMask = 2147483647;
			files = (
			);
			inputFileListPaths = (
			);
			inputPaths = (
				"${PODS_PODFILE_DIR_PATH}/Podfile.lock",
				"${PODS_ROOT}/Manifest.lock",
			);
			name = "[CP] Check Pods Manifest.lock";
			outputFileListPaths = (
			);
			outputPaths = (
				"$(DERIVED_FILE_DIR)/Pods-MvpSwiftUITests-checkManifestLockResult.txt",
			);
			runOnlyForDeploymentPostprocessing = 0;
			shellPath = /bin/sh;
			shellScript = "diff \"${PODS_PODFILE_DIR_PATH}/Podfile.lock\" \"${PODS_ROOT}/Manifest.lock\" > /dev/null\nif [ $? != 0 ] ; then\n    # print error to STDERR\n    echo \"error: The sandbox is not in sync with the Podfile.lock. Run 'pod install' or update your CocoaPods installation.\" >&2\n    exit 1\nfi\n# This output is used by Xcode 'outputs' to avoid re-running this script phase.\necho \"SUCCESS\" > \"${SCRIPT_OUTPUT_FILE_0}\"\n";
			showEnvVarsInLog = 0;
		};
		4D6BBEFD141558CA2D181F69 /* [CP] Check Pods Manifest.lock */ = {
			isa = PBXShellScriptBuildPhase;
			buildActionMask = 2147483647;
			files = (
			);
			inputFileListPaths = (
			);
			inputPaths = (
				"${PODS_PODFILE_DIR_PATH}/Podfile.lock",
				"${PODS_ROOT}/Manifest.lock",
			);
			name = "[CP] Check Pods Manifest.lock";
			outputFileListPaths = (
			);
			outputPaths = (
				"$(DERIVED_FILE_DIR)/Pods-MvpSwift-checkManifestLockResult.txt",
			);
			runOnlyForDeploymentPostprocessing = 0;
			shellPath = /bin/sh;
			shellScript = "diff \"${PODS_PODFILE_DIR_PATH}/Podfile.lock\" \"${PODS_ROOT}/Manifest.lock\" > /dev/null\nif [ $? != 0 ] ; then\n    # print error to STDERR\n    echo \"error: The sandbox is not in sync with the Podfile.lock. Run 'pod install' or update your CocoaPods installation.\" >&2\n    exit 1\nfi\n# This output is used by Xcode 'outputs' to avoid re-running this script phase.\necho \"SUCCESS\" > \"${SCRIPT_OUTPUT_FILE_0}\"\n";
			showEnvVarsInLog = 0;
		};
		7780931FFB2D4919D456E7AA /* [CP] Check Pods Manifest.lock */ = {
			isa = PBXShellScriptBuildPhase;
			buildActionMask = 2147483647;
			files = (
			);
			inputFileListPaths = (
			);
			inputPaths = (
				"${PODS_PODFILE_DIR_PATH}/Podfile.lock",
				"${PODS_ROOT}/Manifest.lock",
			);
			name = "[CP] Check Pods Manifest.lock";
			outputFileListPaths = (
			);
			outputPaths = (
				"$(DERIVED_FILE_DIR)/Pods-MvpSwiftTests-checkManifestLockResult.txt",
			);
			runOnlyForDeploymentPostprocessing = 0;
			shellPath = /bin/sh;
			shellScript = "diff \"${PODS_PODFILE_DIR_PATH}/Podfile.lock\" \"${PODS_ROOT}/Manifest.lock\" > /dev/null\nif [ $? != 0 ] ; then\n    # print error to STDERR\n    echo \"error: The sandbox is not in sync with the Podfile.lock. Run 'pod install' or update your CocoaPods installation.\" >&2\n    exit 1\nfi\n# This output is used by Xcode 'outputs' to avoid re-running this script phase.\necho \"SUCCESS\" > \"${SCRIPT_OUTPUT_FILE_0}\"\n";
			showEnvVarsInLog = 0;
		};
		EAE494A30F63AD787118F5C0 /* [CP] Embed Pods Frameworks */ = {
			isa = PBXShellScriptBuildPhase;
			buildActionMask = 2147483647;
			files = (
			);
			inputFileListPaths = (
			);
			inputPaths = (
				"${SRCROOT}/Pods/Target Support Files/Pods-MvpSwift/Pods-MvpSwift-frameworks.sh",
				"${BUILT_PRODUCTS_DIR}/Alamofire/Alamofire.framework",
				"${BUILT_PRODUCTS_DIR}/AlamofireObjectMapper/AlamofireObjectMapper.framework",
				"${BUILT_PRODUCTS_DIR}/ObjectMapper/ObjectMapper.framework",
			);
			name = "[CP] Embed Pods Frameworks";
			outputFileListPaths = (
			);
			outputPaths = (
				"${TARGET_BUILD_DIR}/${FRAMEWORKS_FOLDER_PATH}/Alamofire.framework",
				"${TARGET_BUILD_DIR}/${FRAMEWORKS_FOLDER_PATH}/AlamofireObjectMapper.framework",
				"${TARGET_BUILD_DIR}/${FRAMEWORKS_FOLDER_PATH}/ObjectMapper.framework",
			);
			runOnlyForDeploymentPostprocessing = 0;
			shellPath = /bin/sh;
			shellScript = "\"${SRCROOT}/Pods/Target Support Files/Pods-MvpSwift/Pods-MvpSwift-frameworks.sh\"\n";
			showEnvVarsInLog = 0;
		};
/* End PBXShellScriptBuildPhase section */

/* Begin PBXSourcesBuildPhase section */
		DD5F00A521B3CF8C000BA4A8 /* Sources */ = {
			isa = PBXSourcesBuildPhase;
			buildActionMask = 2147483647;
			files = (
				DD5F00F821B54DA2000BA4A8 /* UserRepository.swift in Sources */,
				DDE525C121B64522006C5EC4 /* BasePresenter.swift in Sources */,
				DDFD507B21B78C9900A507FA /* UserLocalImpl.swift in Sources */,
				DD5F00FB21B54DE8000BA4A8 /* LoginModel.swift in Sources */,
				DDE525BB21B636C8006C5EC4 /* LoginPagePresenter.swift in Sources */,
				DDE525BF21B63ABD006C5EC4 /* LoginViewController.swift in Sources */,
				DD5F00F021B5375A000BA4A8 /* UserRemoteRepo.swift in Sources */,
				DD5F00E021B3D5EB000BA4A8 /* BaseResponse.swift in Sources */,
				DD5F00E721B3DA61000BA4A8 /* LoginResponse.swift in Sources */,
				DD5F00FD21B54FA6000BA4A8 /* UserRepositoryImpl.swift in Sources */,
				DD5F00F221B5376A000BA4A8 /* UserRemoteImpl.swift in Sources */,
				DD5F00AD21B3CF8C000BA4A8 /* AppDelegate.swift in Sources */,
				DD5F00EB21B3ED84000BA4A8 /* MvpApiService.swift in Sources */,
				DD5F00E921B3DBDC000BA4A8 /* LocalRepo.swift in Sources */,
				DD5F00F521B537C2000BA4A8 /* Utils.swift in Sources */,
				DDFD507921B78C8700A507FA /* UserLocalRepo.swift in Sources */,
				DDE525BD21B639BE006C5EC4 /* LoginContract.swift in Sources */,
			);
			runOnlyForDeploymentPostprocessing = 0;
		};
		DD5F00B921B3CF8E000BA4A8 /* Sources */ = {
			isa = PBXSourcesBuildPhase;
			buildActionMask = 2147483647;
			files = (
				DD5F00C221B3CF8E000BA4A8 /* MvpSwiftTests.swift in Sources */,
			);
			runOnlyForDeploymentPostprocessing = 0;
		};
		DD5F00C421B3CF8E000BA4A8 /* Sources */ = {
			isa = PBXSourcesBuildPhase;
			buildActionMask = 2147483647;
			files = (
				DD5F00CD21B3CF8E000BA4A8 /* MvpSwiftUITests.swift in Sources */,
			);
			runOnlyForDeploymentPostprocessing = 0;
		};
/* End PBXSourcesBuildPhase section */

/* Begin PBXTargetDependency section */
		DD5F00BF21B3CF8E000BA4A8 /* PBXTargetDependency */ = {
			isa = PBXTargetDependency;
			target = DD5F00A821B3CF8C000BA4A8 /* MvpSwift */;
			targetProxy = DD5F00BE21B3CF8E000BA4A8 /* PBXContainerItemProxy */;
		};
		DD5F00CA21B3CF8E000BA4A8 /* PBXTargetDependency */ = {
			isa = PBXTargetDependency;
			target = DD5F00A821B3CF8C000BA4A8 /* MvpSwift */;
			targetProxy = DD5F00C921B3CF8E000BA4A8 /* PBXContainerItemProxy */;
		};
/* End PBXTargetDependency section */

/* Begin PBXVariantGroup section */
		DD5F00B021B3CF8C000BA4A8 /* Main.storyboard */ = {
			isa = PBXVariantGroup;
			children = (
				DD5F00B121B3CF8C000BA4A8 /* Base */,
			);
			name = Main.storyboard;
			sourceTree = "<group>";
		};
		DD5F00B521B3CF8E000BA4A8 /* LaunchScreen.storyboard */ = {
			isa = PBXVariantGroup;
			children = (
				DD5F00B621B3CF8E000BA4A8 /* Base */,
			);
			name = LaunchScreen.storyboard;
			sourceTree = "<group>";
		};
/* End PBXVariantGroup section */

/* Begin XCBuildConfiguration section */
		DD5F00CF21B3CF8E000BA4A8 /* Debug */ = {
			isa = XCBuildConfiguration;
			buildSettings = {
				ALWAYS_SEARCH_USER_PATHS = NO;
				CLANG_ANALYZER_NONNULL = YES;
				CLANG_ANALYZER_NUMBER_OBJECT_CONVERSION = YES_AGGRESSIVE;
				CLANG_CXX_LANGUAGE_STANDARD = "gnu++14";
				CLANG_CXX_LIBRARY = "libc++";
				CLANG_ENABLE_MODULES = YES;
				CLANG_ENABLE_OBJC_ARC = YES;
				CLANG_ENABLE_OBJC_WEAK = YES;
				CLANG_WARN_BLOCK_CAPTURE_AUTORELEASING = YES;
				CLANG_WARN_BOOL_CONVERSION = YES;
				CLANG_WARN_COMMA = YES;
				CLANG_WARN_CONSTANT_CONVERSION = YES;
				CLANG_WARN_DEPRECATED_OBJC_IMPLEMENTATIONS = YES;
				CLANG_WARN_DIRECT_OBJC_ISA_USAGE = YES_ERROR;
				CLANG_WARN_DOCUMENTATION_COMMENTS = YES;
				CLANG_WARN_EMPTY_BODY = YES;
				CLANG_WARN_ENUM_CONVERSION = YES;
				CLANG_WARN_INFINITE_RECURSION = YES;
				CLANG_WARN_INT_CONVERSION = YES;
				CLANG_WARN_NON_LITERAL_NULL_CONVERSION = YES;
				CLANG_WARN_OBJC_IMPLICIT_RETAIN_SELF = YES;
				CLANG_WARN_OBJC_LITERAL_CONVERSION = YES;
				CLANG_WARN_OBJC_ROOT_CLASS = YES_ERROR;
				CLANG_WARN_RANGE_LOOP_ANALYSIS = YES;
				CLANG_WARN_STRICT_PROTOTYPES = YES;
				CLANG_WARN_SUSPICIOUS_MOVE = YES;
				CLANG_WARN_UNGUARDED_AVAILABILITY = YES_AGGRESSIVE;
				CLANG_WARN_UNREACHABLE_CODE = YES;
				CLANG_WARN__DUPLICATE_METHOD_MATCH = YES;
				CODE_SIGN_IDENTITY = "iPhone Developer";
				COPY_PHASE_STRIP = NO;
				DEBUG_INFORMATION_FORMAT = dwarf;
				ENABLE_STRICT_OBJC_MSGSEND = YES;
				ENABLE_TESTABILITY = YES;
				GCC_C_LANGUAGE_STANDARD = gnu11;
				GCC_DYNAMIC_NO_PIC = NO;
				GCC_NO_COMMON_BLOCKS = YES;
				GCC_OPTIMIZATION_LEVEL = 0;
				GCC_PREPROCESSOR_DEFINITIONS = (
					"DEBUG=1",
					"$(inherited)",
				);
				GCC_WARN_64_TO_32_BIT_CONVERSION = YES;
				GCC_WARN_ABOUT_RETURN_TYPE = YES_ERROR;
				GCC_WARN_UNDECLARED_SELECTOR = YES;
				GCC_WARN_UNINITIALIZED_AUTOS = YES_AGGRESSIVE;
				GCC_WARN_UNUSED_FUNCTION = YES;
				GCC_WARN_UNUSED_VARIABLE = YES;
				IPHONEOS_DEPLOYMENT_TARGET = 12.1;
				MTL_ENABLE_DEBUG_INFO = INCLUDE_SOURCE;
				MTL_FAST_MATH = YES;
				ONLY_ACTIVE_ARCH = YES;
				SDKROOT = iphoneos;
				SWIFT_ACTIVE_COMPILATION_CONDITIONS = DEBUG;
				SWIFT_OPTIMIZATION_LEVEL = "-Onone";
			};
			name = Debug;
		};
		DD5F00D021B3CF8E000BA4A8 /* Release */ = {
			isa = XCBuildConfiguration;
			buildSettings = {
				ALWAYS_SEARCH_USER_PATHS = NO;
				CLANG_ANALYZER_NONNULL = YES;
				CLANG_ANALYZER_NUMBER_OBJECT_CONVERSION = YES_AGGRESSIVE;
				CLANG_CXX_LANGUAGE_STANDARD = "gnu++14";
				CLANG_CXX_LIBRARY = "libc++";
				CLANG_ENABLE_MODULES = YES;
				CLANG_ENABLE_OBJC_ARC = YES;
				CLANG_ENABLE_OBJC_WEAK = YES;
				CLANG_WARN_BLOCK_CAPTURE_AUTORELEASING = YES;
				CLANG_WARN_BOOL_CONVERSION = YES;
				CLANG_WARN_COMMA = YES;
				CLANG_WARN_CONSTANT_CONVERSION = YES;
				CLANG_WARN_DEPRECATED_OBJC_IMPLEMENTATIONS = YES;
				CLANG_WARN_DIRECT_OBJC_ISA_USAGE = YES_ERROR;
				CLANG_WARN_DOCUMENTATION_COMMENTS = YES;
				CLANG_WARN_EMPTY_BODY = YES;
				CLANG_WARN_ENUM_CONVERSION = YES;
				CLANG_WARN_INFINITE_RECURSION = YES;
				CLANG_WARN_INT_CONVERSION = YES;
				CLANG_WARN_NON_LITERAL_NULL_CONVERSION = YES;
				CLANG_WARN_OBJC_IMPLICIT_RETAIN_SELF = YES;
				CLANG_WARN_OBJC_LITERAL_CONVERSION = YES;
				CLANG_WARN_OBJC_ROOT_CLASS = YES_ERROR;
				CLANG_WARN_RANGE_LOOP_ANALYSIS = YES;
				CLANG_WARN_STRICT_PROTOTYPES = YES;
				CLANG_WARN_SUSPICIOUS_MOVE = YES;
				CLANG_WARN_UNGUARDED_AVAILABILITY = YES_AGGRESSIVE;
				CLANG_WARN_UNREACHABLE_CODE = YES;
				CLANG_WARN__DUPLICATE_METHOD_MATCH = YES;
				CODE_SIGN_IDENTITY = "iPhone Developer";
				COPY_PHASE_STRIP = NO;
				DEBUG_INFORMATION_FORMAT = "dwarf-with-dsym";
				ENABLE_NS_ASSERTIONS = NO;
				ENABLE_STRICT_OBJC_MSGSEND = YES;
				GCC_C_LANGUAGE_STANDARD = gnu11;
				GCC_NO_COMMON_BLOCKS = YES;
				GCC_WARN_64_TO_32_BIT_CONVERSION = YES;
				GCC_WARN_ABOUT_RETURN_TYPE = YES_ERROR;
				GCC_WARN_UNDECLARED_SELECTOR = YES;
				GCC_WARN_UNINITIALIZED_AUTOS = YES_AGGRESSIVE;
				GCC_WARN_UNUSED_FUNCTION = YES;
				GCC_WARN_UNUSED_VARIABLE = YES;
				IPHONEOS_DEPLOYMENT_TARGET = 12.1;
				MTL_ENABLE_DEBUG_INFO = NO;
				MTL_FAST_MATH = YES;
				SDKROOT = iphoneos;
				SWIFT_COMPILATION_MODE = wholemodule;
				SWIFT_OPTIMIZATION_LEVEL = "-O";
				VALIDATE_PRODUCT = YES;
			};
			name = Release;
		};
		DD5F00D221B3CF8E000BA4A8 /* Debug */ = {
			isa = XCBuildConfiguration;
			baseConfigurationReference = D6CA43DFA933ED1BBDA0ABE7 /* Pods-MvpSwift.debug.xcconfig */;
			buildSettings = {
				ASSETCATALOG_COMPILER_APPICON_NAME = AppIcon;
				CODE_SIGN_STYLE = Automatic;
				INFOPLIST_FILE = MvpSwift/Info.plist;
				LD_RUNPATH_SEARCH_PATHS = (
					"$(inherited)",
					"@executable_path/Frameworks",
				);
				PRODUCT_BUNDLE_IDENTIFIER = com.rosia.MvpSwift;
				PRODUCT_NAME = "$(TARGET_NAME)";
				SWIFT_VERSION = 4.2;
				TARGETED_DEVICE_FAMILY = "1,2";
			};
			name = Debug;
		};
		DD5F00D321B3CF8E000BA4A8 /* Release */ = {
			isa = XCBuildConfiguration;
			baseConfigurationReference = F4B063C32E4916A27D7A6C22 /* Pods-MvpSwift.release.xcconfig */;
			buildSettings = {
				ASSETCATALOG_COMPILER_APPICON_NAME = AppIcon;
				CODE_SIGN_STYLE = Automatic;
				INFOPLIST_FILE = MvpSwift/Info.plist;
				LD_RUNPATH_SEARCH_PATHS = (
					"$(inherited)",
					"@executable_path/Frameworks",
				);
				PRODUCT_BUNDLE_IDENTIFIER = com.rosia.MvpSwift;
				PRODUCT_NAME = "$(TARGET_NAME)";
				SWIFT_VERSION = 4.2;
				TARGETED_DEVICE_FAMILY = "1,2";
			};
			name = Release;
		};
		DD5F00D521B3CF8E000BA4A8 /* Debug */ = {
			isa = XCBuildConfiguration;
			baseConfigurationReference = 1E343AE86C0B2A8A05EB7085 /* Pods-MvpSwiftTests.debug.xcconfig */;
			buildSettings = {
				ALWAYS_EMBED_SWIFT_STANDARD_LIBRARIES = YES;
				BUNDLE_LOADER = "$(TEST_HOST)";
				CODE_SIGN_STYLE = Automatic;
				INFOPLIST_FILE = MvpSwiftTests/Info.plist;
				LD_RUNPATH_SEARCH_PATHS = (
					"$(inherited)",
					"@executable_path/Frameworks",
					"@loader_path/Frameworks",
				);
				PRODUCT_BUNDLE_IDENTIFIER = com.rosia.MvpSwiftTests;
				PRODUCT_NAME = "$(TARGET_NAME)";
				SWIFT_VERSION = 4.2;
				TARGETED_DEVICE_FAMILY = "1,2";
				TEST_HOST = "$(BUILT_PRODUCTS_DIR)/MvpSwift.app/MvpSwift";
			};
			name = Debug;
		};
		DD5F00D621B3CF8E000BA4A8 /* Release */ = {
			isa = XCBuildConfiguration;
			baseConfigurationReference = A3DD1EA4AF77CC1BD499CCD0 /* Pods-MvpSwiftTests.release.xcconfig */;
			buildSettings = {
				ALWAYS_EMBED_SWIFT_STANDARD_LIBRARIES = YES;
				BUNDLE_LOADER = "$(TEST_HOST)";
				CODE_SIGN_STYLE = Automatic;
				INFOPLIST_FILE = MvpSwiftTests/Info.plist;
				LD_RUNPATH_SEARCH_PATHS = (
					"$(inherited)",
					"@executable_path/Frameworks",
					"@loader_path/Frameworks",
				);
				PRODUCT_BUNDLE_IDENTIFIER = com.rosia.MvpSwiftTests;
				PRODUCT_NAME = "$(TARGET_NAME)";
				SWIFT_VERSION = 4.2;
				TARGETED_DEVICE_FAMILY = "1,2";
				TEST_HOST = "$(BUILT_PRODUCTS_DIR)/MvpSwift.app/MvpSwift";
			};
			name = Release;
		};
		DD5F00D821B3CF8E000BA4A8 /* Debug */ = {
			isa = XCBuildConfiguration;
			baseConfigurationReference = 07D90FE143105011E7406EEB /* Pods-MvpSwiftUITests.debug.xcconfig */;
			buildSettings = {
				ALWAYS_EMBED_SWIFT_STANDARD_LIBRARIES = YES;
				CODE_SIGN_STYLE = Automatic;
				INFOPLIST_FILE = MvpSwiftUITests/Info.plist;
				LD_RUNPATH_SEARCH_PATHS = (
					"$(inherited)",
					"@executable_path/Frameworks",
					"@loader_path/Frameworks",
				);
				PRODUCT_BUNDLE_IDENTIFIER = com.rosia.MvpSwiftUITests;
				PRODUCT_NAME = "$(TARGET_NAME)";
				SWIFT_VERSION = 4.2;
				TARGETED_DEVICE_FAMILY = "1,2";
				TEST_TARGET_NAME = MvpSwift;
			};
			name = Debug;
		};
		DD5F00D921B3CF8E000BA4A8 /* Release */ = {
			isa = XCBuildConfiguration;
			baseConfigurationReference = DA47825136498043D8449563 /* Pods-MvpSwiftUITests.release.xcconfig */;
			buildSettings = {
				ALWAYS_EMBED_SWIFT_STANDARD_LIBRARIES = YES;
				CODE_SIGN_STYLE = Automatic;
				INFOPLIST_FILE = MvpSwiftUITests/Info.plist;
				LD_RUNPATH_SEARCH_PATHS = (
					"$(inherited)",
					"@executable_path/Frameworks",
					"@loader_path/Frameworks",
				);
				PRODUCT_BUNDLE_IDENTIFIER = com.rosia.MvpSwiftUITests;
				PRODUCT_NAME = "$(TARGET_NAME)";
				SWIFT_VERSION = 4.2;
				TARGETED_DEVICE_FAMILY = "1,2";
				TEST_TARGET_NAME = MvpSwift;
			};
			name = Release;
		};
/* End XCBuildConfiguration section */

/* Begin XCConfigurationList section */
		DD5F00A421B3CF8C000BA4A8 /* Build configuration list for PBXProject "MvpSwift" */ = {
			isa = XCConfigurationList;
			buildConfigurations = (
				DD5F00CF21B3CF8E000BA4A8 /* Debug */,
				DD5F00D021B3CF8E000BA4A8 /* Release */,
			);
			defaultConfigurationIsVisible = 0;
			defaultConfigurationName = Release;
		};
		DD5F00D121B3CF8E000BA4A8 /* Build configuration list for PBXNativeTarget "MvpSwift" */ = {
			isa = XCConfigurationList;
			buildConfigurations = (
				DD5F00D221B3CF8E000BA4A8 /* Debug */,
				DD5F00D321B3CF8E000BA4A8 /* Release */,
			);
			defaultConfigurationIsVisible = 0;
			defaultConfigurationName = Release;
		};
		DD5F00D421B3CF8E000BA4A8 /* Build configuration list for PBXNativeTarget "MvpSwiftTests" */ = {
			isa = XCConfigurationList;
			buildConfigurations = (
				DD5F00D521B3CF8E000BA4A8 /* Debug */,
				DD5F00D621B3CF8E000BA4A8 /* Release */,
			);
			defaultConfigurationIsVisible = 0;
			defaultConfigurationName = Release;
		};
		DD5F00D721B3CF8E000BA4A8 /* Build configuration list for PBXNativeTarget "MvpSwiftUITests" */ = {
			isa = XCConfigurationList;
			buildConfigurations = (
				DD5F00D821B3CF8E000BA4A8 /* Debug */,
				DD5F00D921B3CF8E000BA4A8 /* Release */,
			);
			defaultConfigurationIsVisible = 0;
			defaultConfigurationName = Release;
		};
/* End XCConfigurationList section */
	};
	rootObject = DD5F00A121B3CF8C000BA4A8 /* Project object */;
}
